# This file is automatically @generated by Cargo.
# It is not intended for manual editing.
[[package]]
name = "all_days"
version = "0.1.0"
dependencies = [
 "gcd",
]

[[package]]
name = "gcd"
version = "1.2.0"
source = "registry+https://github.com/rust-lang/crates.io-index"
checksum = "c21a76e102bba7724d661dbbba5e483ec0707088be6a01cf3879229e75da4d9f"
